
Microsoft Visual Studio Solution File, Format Version 12.00
# Visual Studio 2012
Project("{FAE04EC0-301F-11D3-BF4B-00C04F79EFBC}") = "Program 1", "Program 1\Program 1.csproj", "{CC6F9F78-E635-4821-9935-F3973D4782D8}"
EndProject
Global
	GlobalSection(SolutionConfigurationPlatforms) = preSolution
		Debug|Any CPU = Debug|Any CPU
		Release|Any CPU = Release|Any CPU
	EndGlobalSection
	GlobalSection(ProjectConfigurationPlatforms) = postSolution
		{CC6F9F78-E635-4821-9935-F3973D4782D8}.Debug|Any CPU.ActiveCfg = Debug|Any CPU
		{CC6F9F78-E635-4821-9935-F3973D4782D8}.Debug|Any CPU.Build.0 = Debug|Any CPU
		{CC6F9F78-E635-4821-9935-F3973D4782D8}.Release|Any CPU.ActiveCfg = Release|Any CPU
		{CC6F9F78-E635-4821-9935-F3973D4782D8}.Release|Any CPU.Build.0 = Release|Any CPU
	EndGlobalSection
	GlobalSection(SolutionProperties) = preSolution
		HideSolutionNode = FALSE
	EndGlobalSection
EndGlobal
